
Microsoft Visual Studio Solution File, Format Version 12.00
# Visual Studio Version 17
VisualStudioVersion = 17.5.33530.505
MinimumVisualStudioVersion = 10.0.40219.1
Project("{8BC9CEB8-8B4A-11D0-8D11-00A0C91BC942}") = "infinitas-16seg", "infinitas-16seg\infinitas-16seg.vcxproj", "{0A6DF8E9-D4BF-4F0F-8204-64985E389849}"
EndProject
Global
	GlobalSection(SolutionConfigurationPlatforms) = preSolution
		Debug|x64 = Debug|x64
		Release|x64 = Release|x64
	EndGlobalSection
	GlobalSection(ProjectConfigurationPlatforms) = postSolution
		{0A6DF8E9-D4BF-4F0F-8204-64985E389849}.Debug|x64.ActiveCfg = Debug|x64
		{0A6DF8E9-D4BF-4F0F-8204-64985E389849}.Debug|x64.Build.0 = Debug|x64
		{0A6DF8E9-D4BF-4F0F-8204-64985E389849}.Release|x64.ActiveCfg = Release|x64
		{0A6DF8E9-D4BF-4F0F-8204-64985E389849}.Release|x64.Build.0 = Release|x64
	EndGlobalSection
	GlobalSection(SolutionProperties) = preSolution
		HideSolutionNode = FALSE
	EndGlobalSection
	GlobalSection(ExtensibilityGlobals) = postSolution
		SolutionGuid = {13CE3A4A-282D-4FA3-BD45-00CA4DF4B8E0}
	EndGlobalSection
EndGlobal
